
Microsoft Visual Studio Solution File, Format Version 12.00
# Visual Studio Version 17
VisualStudioVersion = 17.0.32112.339
MinimumVisualStudioVersion = 10.0.40219.1
Project("{9A19103F-16F7-4668-BE54-9A1E7A4F7556}") = "Console.App", "Console.App\Console.App.csproj", "{CDD6C4A0-02A0-444A-BB7A-68BD74589AF6}"
EndProject
Global
	GlobalSection(SolutionConfigurationPlatforms) = preSolution
		Debug|Any CPU = Debug|Any CPU
		Release|Any CPU = Release|Any CPU
	EndGlobalSection
	GlobalSection(ProjectConfigurationPlatforms) = postSolution
		{CDD6C4A0-02A0-444A-BB7A-68BD74589AF6}.Debug|Any CPU.ActiveCfg = Debug|Any CPU
		{CDD6C4A0-02A0-444A-BB7A-68BD74589AF6}.Debug|Any CPU.Build.0 = Debug|Any CPU
		{CDD6C4A0-02A0-444A-BB7A-68BD74589AF6}.Release|Any CPU.ActiveCfg = Release|Any CPU
		{CDD6C4A0-02A0-444A-BB7A-68BD74589AF6}.Release|Any CPU.Build.0 = Release|Any CPU
	EndGlobalSection
	GlobalSection(SolutionProperties) = preSolution
		HideSolutionNode = FALSE
	EndGlobalSection
	GlobalSection(ExtensibilityGlobals) = postSolution
		SolutionGuid = {D6F51EC3-2C84-48EF-A4A5-57E1D4328EB0}
	EndGlobalSection
EndGlobal
